<?xml version="1.0" encoding="utf-8"?>
<Project ToolsVersion="4.0" xmlns="http://schemas.microsoft.com/developer/msbuild/2003">
  <ItemGroup>
    <FxCompile Include="PixelShader.hlsl">
      <Filter>Shaders</Filter>
    </FxCompile>
    <FxCompile Include="VertexShader.hlsl">
      <Filter>Shaders</Filter>
    </FxCompile>
  </ItemGroup>
  <ItemGroup>
    <ClCompile Include="DXCore.cpp">
      <Filter>Code Files</Filter>
    </ClCompile>
    <ClCompile Include="Entity.cpp">
      <Filter>Code Files</Filter>
    </ClCompile>
    <ClCompile Include="Game.cpp">
      <Filter>Code Files</Filter>
    </ClCompile>
    <ClCompile Include="Main.cpp">
      <Filter>Code Files</Filter>
    </ClCompile>
    <ClCompile Include="Mesh.cpp">
      <Filter>Code Files</Filter>
    </ClCompile>
    <ClCompile Include="SimpleShader.cpp">
      <Filter>Code Files</Filter>
    </ClCompile>
    <ClCompile Include="Camera.cpp">
      <Filter>Code Files</Filter>
    </ClCompile>
    <ClCompile Include="Material.cpp">
      <Filter>Code Files</Filter>
    </ClCompile>
  </ItemGroup>
  <ItemGroup>
    <ClInclude Include="DXCore.h">
      <Filter>Headers</Filter>
    </ClInclude>
    <ClInclude Include="Entity.h">
      <Filter>Headers</Filter>
    </ClInclude>
    <ClInclude Include="Game.h">
      <Filter>Headers</Filter>
    </ClInclude>
    <ClInclude Include="Mesh.h">
      <Filter>Headers</Filter>
    </ClInclude>
    <ClInclude Include="Vertex.h">
      <Filter>Headers</Filter>
    </ClInclude>
    <ClInclude Include="SimpleShader.h">
      <Filter>Headers</Filter>
    </ClInclude>
    <ClInclude Include="Camera.h">
      <Filter>Headers</Filter>
    </ClInclude>
    <ClInclude Include="Material.h">
      <Filter>Headers</Filter>
    </ClInclude>
    <ClInclude Include="Lights.h">
      <Filter>Headers</Filter>
    </ClInclude>
  </ItemGroup>
  <ItemGroup>
    <Filter Include="Headers">
      <UniqueIdentifier>{d9c37004-baf9-4894-adc6-fd5a93b0244b}</UniqueIdentifier>
    </Filter>
    <Filter Include="Code Files">
      <UniqueIdentifier>{87cb675d-aa1e-420f-9792-7f66bb974125}</UniqueIdentifier>
    </Filter>
    <Filter Include="Shaders">
      <UniqueIdentifier>{e7c20dc2-71be-4828-8970-3c59e43fcad4}</UniqueIdentifier>
    </Filter>
  </ItemGroup>
  <ItemGroup>
    <None Include="packages.config" />
  </ItemGroup>
</Project>